{
  "meteor": {},
  "dependencies": {
    "basePackages": {
      "node-csv-npm": {},
      "meteor-file": {}
    },
    "packages": {
      "node-csv-npm": {
        "git": "https://github.com/Dsyko/meteor-node-csv.git",
        "tag": "v0.3.6",
        "commit": "01be0e3e834a4f033121cb3fcc92c2697741170d"
      },
      "meteor-file": {
        "git": "https://github.com/EventedMind/meteor-file.git",
        "tag": "v0.0.7",
        "commit": "5d3edaaccfb9d0995cf848abfb61c3bd101ea507"
      }
    }
  }
}
